
Microsoft Visual Studio Solution File, Format Version 12.00
# Visual Studio 14
VisualStudioVersion = 14.0.24720.0
MinimumVisualStudioVersion = 10.0.40219.1
Project("{FAE04EC0-301F-11D3-BF4B-00C04F79EFBC}") = "MailGunWebHooksReceiverSample", "MailGunWebHooksReceiverSample\MailGunWebHooksReceiverSample.csproj", "{CED958C9-D8AA-417F-823E-C761522A2CBA}"
EndProject
Project("{FAE04EC0-301F-11D3-BF4B-00C04F79EFBC}") = "WebHooksReceiversMailGun", "WebHooksReceiversMailGun\WebHooksReceiversMailGun.csproj", "{8AA64FC1-B723-4351-8621-F45231260657}"
EndProject
Global
	GlobalSection(SolutionConfigurationPlatforms) = preSolution
		Debug|Any CPU = Debug|Any CPU
		Release|Any CPU = Release|Any CPU
	EndGlobalSection
	GlobalSection(ProjectConfigurationPlatforms) = postSolution
		{CED958C9-D8AA-417F-823E-C761522A2CBA}.Debug|Any CPU.ActiveCfg = Debug|Any CPU
		{CED958C9-D8AA-417F-823E-C761522A2CBA}.Debug|Any CPU.Build.0 = Debug|Any CPU
		{CED958C9-D8AA-417F-823E-C761522A2CBA}.Release|Any CPU.ActiveCfg = Release|Any CPU
		{CED958C9-D8AA-417F-823E-C761522A2CBA}.Release|Any CPU.Build.0 = Release|Any CPU
		{8AA64FC1-B723-4351-8621-F45231260657}.Debug|Any CPU.ActiveCfg = Debug|Any CPU
		{8AA64FC1-B723-4351-8621-F45231260657}.Debug|Any CPU.Build.0 = Debug|Any CPU
		{8AA64FC1-B723-4351-8621-F45231260657}.Release|Any CPU.ActiveCfg = Release|Any CPU
		{8AA64FC1-B723-4351-8621-F45231260657}.Release|Any CPU.Build.0 = Release|Any CPU
	EndGlobalSection
	GlobalSection(SolutionProperties) = preSolution
		HideSolutionNode = FALSE
	EndGlobalSection
EndGlobal
